
Microsoft Visual Studio Solution File, Format Version 12.00
# Visual Studio Version 17
VisualStudioVersion = 17.14.36310.24 d17.14
MinimumVisualStudioVersion = 10.0.40219.1
Project("{2150E333-8FDC-42A3-9474-1A3956D46DE8}") = "Core", "Core", "{02EA681E-C7D8-13C7-8484-4AC65E1B71E8}"
EndProject
Project("{FAE04EC0-301F-11D3-BF4B-00C04F79EFBC}") = "Domain", "Domain\Domain.csproj", "{43215422-1A84-4D2A-8816-A5E1F88E919C}"
EndProject
Project("{FAE04EC0-301F-11D3-BF4B-00C04F79EFBC}") = "Application", "Application\Application.csproj", "{1EA4A0F8-7EBE-464D-9723-70F660194E32}"
EndProject
Project("{2150E333-8FDC-42A3-9474-1A3956D46DE8}") = "Presentation", "Presentation", "{36B5D35B-05C0-4130-868E-A7C6406B706E}"
EndProject
Project("{2150E333-8FDC-42A3-9474-1A3956D46DE8}") = "Infrastructure", "Infrastructure", "{4B7DCB30-38CA-4C62-9EBD-A28B99F54767}"
EndProject
Project("{FAE04EC0-301F-11D3-BF4B-00C04F79EFBC}") = "Infrastructure", "Infrastructure\Infrastructure.csproj", "{2D99C6C1-40D1-4E67-8BE1-8B290CB5E22F}"
EndProject
Project("{FAE04EC0-301F-11D3-BF4B-00C04F79EFBC}") = "API", "API\API.csproj", "{2AFCAECF-1C50-4DF6-AC03-F0E3E6886756}"
EndProject
Global
	GlobalSection(SolutionConfigurationPlatforms) = preSolution
		Debug|Any CPU = Debug|Any CPU
		Release|Any CPU = Release|Any CPU
	EndGlobalSection
	GlobalSection(ProjectConfigurationPlatforms) = postSolution
		{43215422-1A84-4D2A-8816-A5E1F88E919C}.Debug|Any CPU.ActiveCfg = Debug|Any CPU
		{43215422-1A84-4D2A-8816-A5E1F88E919C}.Debug|Any CPU.Build.0 = Debug|Any CPU
		{43215422-1A84-4D2A-8816-A5E1F88E919C}.Release|Any CPU.ActiveCfg = Release|Any CPU
		{43215422-1A84-4D2A-8816-A5E1F88E919C}.Release|Any CPU.Build.0 = Release|Any CPU
		{1EA4A0F8-7EBE-464D-9723-70F660194E32}.Debug|Any CPU.ActiveCfg = Debug|Any CPU
		{1EA4A0F8-7EBE-464D-9723-70F660194E32}.Debug|Any CPU.Build.0 = Debug|Any CPU
		{1EA4A0F8-7EBE-464D-9723-70F660194E32}.Release|Any CPU.ActiveCfg = Release|Any CPU
		{1EA4A0F8-7EBE-464D-9723-70F660194E32}.Release|Any CPU.Build.0 = Release|Any CPU
		{2D99C6C1-40D1-4E67-8BE1-8B290CB5E22F}.Debug|Any CPU.ActiveCfg = Debug|Any CPU
		{2D99C6C1-40D1-4E67-8BE1-8B290CB5E22F}.Debug|Any CPU.Build.0 = Debug|Any CPU
		{2D99C6C1-40D1-4E67-8BE1-8B290CB5E22F}.Release|Any CPU.ActiveCfg = Release|Any CPU
		{2D99C6C1-40D1-4E67-8BE1-8B290CB5E22F}.Release|Any CPU.Build.0 = Release|Any CPU
		{2AFCAECF-1C50-4DF6-AC03-F0E3E6886756}.Debug|Any CPU.ActiveCfg = Debug|Any CPU
		{2AFCAECF-1C50-4DF6-AC03-F0E3E6886756}.Debug|Any CPU.Build.0 = Debug|Any CPU
		{2AFCAECF-1C50-4DF6-AC03-F0E3E6886756}.Release|Any CPU.ActiveCfg = Release|Any CPU
		{2AFCAECF-1C50-4DF6-AC03-F0E3E6886756}.Release|Any CPU.Build.0 = Release|Any CPU
	EndGlobalSection
	GlobalSection(SolutionProperties) = preSolution
		HideSolutionNode = FALSE
	EndGlobalSection
	GlobalSection(NestedProjects) = preSolution
		{43215422-1A84-4D2A-8816-A5E1F88E919C} = {02EA681E-C7D8-13C7-8484-4AC65E1B71E8}
		{1EA4A0F8-7EBE-464D-9723-70F660194E32} = {02EA681E-C7D8-13C7-8484-4AC65E1B71E8}
		{2D99C6C1-40D1-4E67-8BE1-8B290CB5E22F} = {4B7DCB30-38CA-4C62-9EBD-A28B99F54767}
		{2AFCAECF-1C50-4DF6-AC03-F0E3E6886756} = {36B5D35B-05C0-4130-868E-A7C6406B706E}
	EndGlobalSection
	GlobalSection(ExtensibilityGlobals) = postSolution
		SolutionGuid = {9137E26B-AE51-435D-B960-1B54CC4EC55E}
	EndGlobalSection
EndGlobal
